
Microsoft Visual Studio Solution File, Format Version 12.00
# Visual Studio Version 17
VisualStudioVersion = 17.9.34723.18
MinimumVisualStudioVersion = 10.0.40219.1
Project("{2150E333-8FDC-42A3-9474-1A3956D46DE8}") = "update", "update", "{9F4E731D-47BB-4E65-B692-44615DC4C8DC}"
EndProject
Project("{2150E333-8FDC-42A3-9474-1A3956D46DE8}") = "x64", "x64", "{38089B29-8458-4265-8BE5-F3C0FC3935F2}"
EndProject
Project("{2150E333-8FDC-42A3-9474-1A3956D46DE8}") = "dlcpacks", "dlcpacks", "{FDB3B7CD-60F0-4170-B583-78C158830DD4}"
EndProject
Project("{2150E333-8FDC-42A3-9474-1A3956D46DE8}") = "ny", "ny", "{0D952D95-B83F-48F7-B67C-480EA9189746}"
EndProject
Project("{2150E333-8FDC-42A3-9474-1A3956D46DE8}") = "dlc.rpf", "dlc.rpf", "{C1508C8A-2396-4D8B-8C07-BD1B9595EA5F}"
EndProject
Project("{2150E333-8FDC-42A3-9474-1A3956D46DE8}") = "x64", "x64", "{7D7C8D65-1C2E-4F30-B5F1-A84720E757A2}"
EndProject
Project("{2150E333-8FDC-42A3-9474-1A3956D46DE8}") = "levels", "levels", "{6CB40139-3C6A-434A-B17F-E0C028409CC2}"
EndProject
Project("{2150E333-8FDC-42A3-9474-1A3956D46DE8}") = "gta5", "gta5", "{C03DFC4C-3DB9-4E59-88F2-33F880921CF6}"
	ProjectSection(SolutionItems) = preProject
		lodlights.rpf = lodlights.rpf
	EndProjectSection
EndProject
Global
	GlobalSection(SolutionProperties) = preSolution
		HideSolutionNode = FALSE
	EndGlobalSection
	GlobalSection(NestedProjects) = preSolution
		{38089B29-8458-4265-8BE5-F3C0FC3935F2} = {9F4E731D-47BB-4E65-B692-44615DC4C8DC}
		{FDB3B7CD-60F0-4170-B583-78C158830DD4} = {38089B29-8458-4265-8BE5-F3C0FC3935F2}
		{0D952D95-B83F-48F7-B67C-480EA9189746} = {FDB3B7CD-60F0-4170-B583-78C158830DD4}
		{C1508C8A-2396-4D8B-8C07-BD1B9595EA5F} = {0D952D95-B83F-48F7-B67C-480EA9189746}
		{7D7C8D65-1C2E-4F30-B5F1-A84720E757A2} = {C1508C8A-2396-4D8B-8C07-BD1B9595EA5F}
		{6CB40139-3C6A-434A-B17F-E0C028409CC2} = {7D7C8D65-1C2E-4F30-B5F1-A84720E757A2}
		{C03DFC4C-3DB9-4E59-88F2-33F880921CF6} = {6CB40139-3C6A-434A-B17F-E0C028409CC2}
	EndGlobalSection
	GlobalSection(ExtensibilityGlobals) = postSolution
		SolutionGuid = {D99875F0-1C72-403B-9B7F-3AFDF9484697}
	EndGlobalSection
EndGlobal
